{
  "name": "pfe-hunter",
  "version": "1.0.0",
  "lockfileVersion": 3,
  "requires": true,
  "packages": {
    "": {
      "name": "pfe-hunter",
      "version": "1.0.0",
      "license": "MIT",
      "dependencies": {
        "@google/genai": "^2.18.0",
        "@modelcontextprotocol/sdk": "^1.30.0",
        "@supabase/storage-js": "^2.115.0",
        "apify-client": "^2.25.0",
        "cors": "^2.8.6",
        "dotenv": "^17.4.2",
        "express": "^4.18.2",
        "express-rate-limit": "^7.1.5",
        "groq-sdk": "^0.9.0",
        "helmet": "^7.1.0",
        "morgan": "^1.10.0",
        "multer": "^1.4.5-lts.1",
        "pg": "^8.23.0",
        "xss": "^1.0.15",
        "zod": "^3.23.8"
      },
      "engines": {
        "node": ">=20"
      }
    },
    "node_modules/@apify/consts": {
      "version": "2.57.3",
      "resolved": "https://registry.npmjs.org/@apify/consts/-/consts-2.57.3.tgz",
      "integrity": "sha512-5I1ieLXmhmagd2x1YiaEYAj9uJyTVeiyfbG+VROo+CWKOxPJyiV2/0DtQaCuExDY/t2qYgfy+iMxd0tFNGGKFQ==",
      "license": "Apache-2.0"
    },
    "node_modules/@apify/log": {
      "version": "2.5.51",
      "resolved": "https://registry.npmjs.org/@apify/log/-/log-2.5.51.tgz",
      "integrity": "sha512-+86Pp+G5yh+bSsyqeUYojbkp3EtVz7GyLttYPW95PVVtV2uBk9hRsUWlyNIfsm/WK32MeBZvJNgKDh39BTD1Uw==",
      "license": "Apache-2.0",
      "dependencies": {
        "@apify/consts": "^2.57.3",
        "ansi-colors": "^4.1.1"
      }
    },
    "node_modules/groq-sdk": {
      "version": "0.9.1",
      "resolved": "https://registry.npmjs.org/groq-sdk/-/groq-sdk-0.9.1.tgz",
      "integrity": "sha512-3g0Z3s8GjUjBFo5wMwMzL7LYE3rNZyXEu7L6C8J5VRJEzPMWiFNqZMM0T1lxNvJZQvLKSsaLj/DQwkOmR/KHbw==",
      "license": "MIT",
      "dependencies": {
        "@types/node": "^18.19.38",
        "@types/node-fetch": "^2.6.11",
        "abort-controller": "^3.0.0",
        "agentkeepalive": "^4.5.0",
        "form-data-encoder": "^1.7.2",
        "formdata-node": "^4.4.1",
        "node-fetch": "^2.7.0"
      },
      "engines": {
        "node": ">=18"
      }
    },
    "node_modules/@types/node": {
      "version": "18.19.130",
      "resolved": "https://registry.npmjs.org/@types/node/-/node-18.19.130.tgz",
      "integrity": "sha512-KpfN6K8aTsqbFPWzL9qvZZDn+FoYpIxXEYxvTa1MIBxV2PoFfKbFX0dZI0xEFB02ZuGxVqjvn4gTfMF8Hu7cSA==",
      "license": "MIT"
    },
    "node_modules/@types/node-fetch": {
      "version": "2.6.13",
      "resolved": "https://registry.npmjs.org/@types/node-fetch/-/node-fetch-2.6.13.tgz",
      "integrity": "sha512-Z/TyYr+sMf5sxVRUAAl6SeMBVVkOJbEFM0R7JJjwBZfQeLhHhZ6KGP6qh/z5NzCv8d79SEBHp0x0OZYwCyS/wg==",
      "license": "MIT",
      "dependencies": {
        "@types/node": "*",
        "form-data": "^4.0.0"
      }
    },
    "node_modules/abort-controller": {
      "version": "3.0.0",
      "resolved": "https://registry.npmjs.org/abort-controller/-/abort-controller-3.0.0.tgz",
      "integrity": "sha512-h8lQ8tacZYjW0iZVgp8kdE+dYY44itHaVi9E3ee5aIWTfqWIjzqkyR2qmqFEIlVoIgNnLmuwez2vHsL69YLYUw==",
      "license": "MIT",
      "dependencies": {
        "event-target-shim": "^5.0.0"
      },
      "engines": {
        "node": ">=6.5"
      }
    },
    "node_modules/agentkeepalive": {
      "version": "4.6.0",
      "resolved": "https://registry.npmjs.org/agentkeepalive/-/agentkeepalive-4.6.0.tgz",
      "integrity": "sha512-pPJUiqKDvn0Q4D0zZaY+pALJqEA1B8XRQDlEKW8E8PkwP12v+1QU5+xwP5K9HqPl0d3XfwM0f7TKdDd/pZOWA==",
      "license": "MIT",
      "dependencies": {
        "humanize-ms": "^1.2.1"
      },
      "engines": {
        "node": ">= 8.0.0"
      }
    },
    "node_modules/event-target-shim": {
      "version": "5.0.1",
      "resolved": "https://registry.npmjs.org/event-target-shim/-/event-target-shim-5.0.1.tgz",
      "integrity": "sha512-i/2XbnSz/uxRCU6+NdVJgKWDTM427+MqYbkQzlwQDOwluAw7TjZVVWosCdohfAAQ7dRL8LIsIm9ZMETRmwVX7A==",
      "license": "MIT",
      "engines": {
        "node": ">=6"
      }
    },
    "node_modules/form-data": {
      "version": "4.0.0",
      "resolved": "https://registry.npmjs.org/form-data/-/form-data-4.0.0.tgz",
      "integrity": "sha512-ETEklSGi5t0jNnh4XpnNAgRvfmbdlAwV5ZLW0N/GKYC33OxymarksB8sSv3N6ya4Z8KcRaI6+IlqVgrVnAdMcw==",
      "license": "MIT",
      "dependencies": {
        "asynckit": "^0.4.0",
        "combined-stream": "^1.0.8",
        "mime-types": "^2.1.12"
      },
      "engines": {
        "node": ">= 6"
      }
    },
    "node_modules/form-data-encoder": {
      "version": "1.7.2",
      "resolved": "https://registry.npmjs.org/form-data-encoder/-/form-data-encoder-1.7.2.tgz",
      "integrity": "sha512-qfqtYan3rxrnCk1VYaA8Ecbt4dlZ9gVc/2sgBINIaM/8oDissKmjI7Es50pp2sOF2c5u5hx1k50DJgChG7mL2A==",
      "license": "MIT"
    },
    "node_modules/formdata-node": {
      "version": "4.4.1",
      "resolved": "https://registry.npmjs.org/formdata-node/-/formdata-node-4.4.1.tgz",
      "integrity": "sha512-wpBMra8dQYoqorlz1Sb7FQdA9TPEEeR+6CjNmQjmUAXX0dIvzo9QMMaIZ+hI9KVpetersKzO05X2u9fIaWk02Zw==",
      "license": "MIT",
      "dependencies": {
        "node-fetch": "^2.6.11",
        "web-streams-polyfill": "^4.0.0-beta.3"
      },
      "engines": {
        "node": ">= 12.20"
      }
    },
    "node_modules/humanize-ms": {
      "version": "1.2.1",
      "resolved": "https://registry.npmjs.org/humanize-ms/-/humanize-ms-1.2.1.tgz",
      "integrity": "sha512-Fl70vDQu2QQXUOVeKwasco6dSCAuyxUm74119fl8kDtaFvt7/fEvMOJf0fs/qNaW+35ExBIqwGLSl0JHM5t+0w==",
      "license": "MIT",
      "dependencies": {
        "ms": "^2.0.0"
      }
    },
    "node_modules/node-fetch": {
      "version": "2.7.0",
      "resolved": "https://registry.npmjs.org/node-fetch/-/node-fetch-2.7.0.tgz",
      "integrity": "sha512-c5GF/4oDVAez9zXl4GH8Z8sQLjVAcKm/g3UjxtWVQuTQJKdH8ZL9RmDqCW9/SASbj+IodTgs1ANWNcjqwNDV/w==",
      "license": "MIT",
      "dependencies": {
        "whatwg-url": "^5.0.0"
      },
      "engines": {
        "node": "4.x || >=6.0.0"
      },
      "peerDependencies": {
        "encoding": "^0.1.0"
      },
      "peerDependenciesMeta": {
        "encoding": {
          "optional": true
        }
      }
    },
    "node_modules/tr46": {
      "version": "0.0.3",
      "resolved": "https://registry.npmjs.org/tr46/-/tr46-0.0.3.tgz",
      "integrity": "sha512-N3WMsuqV66lMlL+YNIdstcs+uy/G7dgusLCgjL7Z0qa3f1OioKO/34k3FJV3z1+vuf6snKerbUP5kH8trjsrNA==",
      "license": "MIT"
    },
    "node_modules/web-streams-polyfill": {
      "version": "4.0.0-beta.3",
      "resolved": "https://registry.npmjs.org/web-streams-polyfill/-/web-streams-polyfill-4.0.0-beta.3.tgz",
      "integrity": "sha512-QW95TCTaHmsLcUIqgSJzZeFWFkMG8x47/s2EmV5+WyKwcHa3g84RrT+yVs7hJW1DuyxXqCJwX9cMNsucrPgv5A==",
      "license": "MIT",
      "engines": {
        "node": ">= 14"
      }
    },
    "node_modules/whatwg-url": {
      "version": "5.0.0",
      "resolved": "https://registry.npmjs.org/whatwg-url/-/whatwg-url-5.0.0.tgz",
      "integrity": "sha512-saE57nupxmbSwFFfGrLMv+MH1sEXYuwik63tW9IanqjiUUX3u/yd0x4MRrMOmMBf2u+6+9+2c+p5I5Kq7naDw==",
      "license": "MIT",
      "dependencies": {
        "tr46": "~0.0.3",
        "webidl-conversions": "^3.0.0"
      }
    },
    "node_modules/webidl-conversions": {
      "version": "3.0.1",
      "resolved": "https://registry.npmjs.org/webidl-conversions/-/webidl-conversions-3.0.1.tgz",
      "integrity": "sha512-2JAn3z8AR6rjK8Sm8orRC0AcRA18Y+BPwKwUjtA6+QDx7QRTSlMliZNrLSe8k7sq4g0at+ytcqVB5Dy6/NS/g==",
      "license": "MIT"
    },
    "node_modules/undici-types": {
      "version": "5.26.5",
      "resolved": "https://registry.npmjs.org/undici-types/-/undici-types-5.26.5.tgz",
      "integrity": "sha512-JlCMO+ehdEIKqlFxk6IfVoAojvW+JR3SDVOh8FysBfgKA/Og7W3GKPmf+A4+oZiH2j+t9FDznCguZo/AJY67yg==",
      "license": "MIT"
    }
  }
}
